
Microsoft Visual Studio Solution File, Format Version 12.00
# Visual Studio 14
VisualStudioVersion = 14.0.24720.0
MinimumVisualStudioVersion = 10.0.40219.1
Project("{FAE04EC0-301F-11D3-BF4B-00C04F79EFBC}") = "Commando", "Commando\Commando.csproj", "{FA521DBA-6231-4EAA-990E-5D8F5D3EFB9A}"
EndProject
Project("{FAE04EC0-301F-11D3-BF4B-00C04F79EFBC}") = "TestConsole", "TestConsole\TestConsole.csproj", "{8CF663F9-1FBB-422A-BCD6-D49811FC5286}"
EndProject
Global
	GlobalSection(SolutionConfigurationPlatforms) = preSolution
		Debug|Any CPU = Debug|Any CPU
		Release|Any CPU = Release|Any CPU
	EndGlobalSection
	GlobalSection(ProjectConfigurationPlatforms) = postSolution
		{FA521DBA-6231-4EAA-990E-5D8F5D3EFB9A}.Debug|Any CPU.ActiveCfg = Debug|Any CPU
		{FA521DBA-6231-4EAA-990E-5D8F5D3EFB9A}.Debug|Any CPU.Build.0 = Debug|Any CPU
		{FA521DBA-6231-4EAA-990E-5D8F5D3EFB9A}.Release|Any CPU.ActiveCfg = Release|Any CPU
		{FA521DBA-6231-4EAA-990E-5D8F5D3EFB9A}.Release|Any CPU.Build.0 = Release|Any CPU
		{8CF663F9-1FBB-422A-BCD6-D49811FC5286}.Debug|Any CPU.ActiveCfg = Debug|Any CPU
		{8CF663F9-1FBB-422A-BCD6-D49811FC5286}.Debug|Any CPU.Build.0 = Debug|Any CPU
		{8CF663F9-1FBB-422A-BCD6-D49811FC5286}.Release|Any CPU.ActiveCfg = Release|Any CPU
		{8CF663F9-1FBB-422A-BCD6-D49811FC5286}.Release|Any CPU.Build.0 = Release|Any CPU
	EndGlobalSection
	GlobalSection(SolutionProperties) = preSolution
		HideSolutionNode = FALSE
	EndGlobalSection
EndGlobal
